# THIS IS AN AUTOGENERATED FILE. DO NOT EDIT THIS FILE DIRECTLY.
# yarn lockfile v1


"@types/node@>=14":
  version "14.17.9"
  resolved "https://registry.yarnpkg.com/@types/node/-/node-14.17.9.tgz#b97c057e6138adb7b720df2bd0264b03c9f504fd"
  integrity sha512-CMjgRNsks27IDwI785YMY0KLt3co/c0cQ5foxHYv/shC2w8oOnVwz5Ubq1QG5KzrcW+AXk6gzdnxIkDnTvzu3g==

doge-json@^1.2.8:
  version "1.2.8"
  resolved "https://registry.yarnpkg.com/doge-json/-/doge-json-1.2.8.tgz#e4c5f51143721d64a1169441be8539680d6439d6"
  integrity sha512-C5BpA66G4XLi0EiUq2ZUIeX3MKoD2ceFxMcjyUlxONiCtMW6sm5O+UDpnJ5gkOBWvNngT94tz0AKXPaPfqOtAQ==
