# THIS IS AN AUTOGENERATED FILE. DO NOT EDIT THIS FILE DIRECTLY.
# yarn lockfile v1


"@types/node@>=14":
  version "15.12.2"
  resolved "https://registry.yarnpkg.com/@types/node/-/node-15.12.2.tgz#1f2b42c4be7156ff4a6f914b2fb03d05fa84e38d"
  integrity sha512-zjQ69G564OCIWIOHSXyQEEDpdpGl+G348RAKY0XXy9Z5kU9Vzv1GMNnkar/ZJ8dzXB3COzD9Mo9NtRZ4xfgUww==

doge-json@^1.0.4:
  version "1.0.4"
  resolved "https://registry.yarnpkg.com/doge-json/-/doge-json-1.0.4.tgz#2f4196ac7f9d79b582fb1e747c3d78bc5abcf794"
  integrity sha512-4E/33E0ylyCsGyM5LDEkBTxtq7sI5hV/hgMZl9naqtu8iV+Sow/t2j1CrUqdEWSieLxHtOJ7HfgbLPuDo37k7A==
